# This file is autogenerated, do not edit; changes may be undone by the next 'dep ensure'.


[[projects]]
  digest = "1:1e283d7680f5395cddb88a422783c8877ff60c28fc1d8fde27c808f1720c512e"
  name = "github.com/Shopify/sarama"
  packages = ["."]
  pruneopts = "UT"
  revision = "f7be6aa2bc7b2e38edf816b08b582782194a1c02"
  version = "v1.16.0"

[[projects]]
  digest = "1:4fdffd1724c105db8c394019cfc2444fd23466be04812850506437361ee5de55"
  name = "github.com/bsm/sarama-cluster"
  packages = ["."]
  pruneopts = "UT"
  revision = "cf455bc755fe41ac9bb2861e7a961833d9c2ecc3"
  version = "v2.1.13"

[[projects]]
  digest = "1:ffe9824d294da03b391f44e1ae8281281b4afc1bdaa9588c9097785e3af10cec"
  name = "github.com/davecgh/go-spew"
  packages = ["spew"]
  pruneopts = "UT"
  revision = "8991bc29aa16c548c550c7ff78260e27b9ab7c73"
  version = "v1.1.1"

[[projects]]
  digest = "1:1f0c7ab489b407a7f8f9ad16c25a504d28ab461517a971d341388a56156c1bd7"
  name = "github.com/eapache/go-resiliency"
  packages = ["breaker"]
  pruneopts = "UT"
  revision = "ef9aaa7ea8bd2448429af1a77cf41b2b3b34bdd6"

[[projects]]
  digest = "1:2b55f08306f24f60dab51e006c1890db08d34ccc1b92c53a08a1a6e7792e3eb8"
  name = "github.com/eapache/go-xerial-snappy"
  packages = ["."]
  pruneopts = "UT"
  revision = "bb955e01b9346ac19dc29eb16586c90ded99a98c"

[[projects]]
  branch = "master"
  digest = "1:42b78fd006fab08021f1006fdb781b15494ada3c44c6a0f3fdc9f0f73e6d4b5e"
  name = "github.com/eapache/queue"
  packages = ["."]
  pruneopts = "UT"
  revision = "093482f3f8ce946c05bcba64badd2c82369e084d"

[[projects]]
  branch = "master"
  digest = "1:5fe3f6ede1c208a2efd3b78fe4df0306aa9624edd39476143d14f0326e5a8d29"
  name = "github.com/facebookgo/clock"
  packages = ["."]
  pruneopts = "UT"
  revision = "600d898af40aa09a7a93ecb9265d87b0504b6f03"

[[projects]]
  digest = "1:ffc060c551980d37ee9e428ef528ee2813137249ccebb0bfc412ef83071cac91"
  name = "github.com/golang/protobuf"
  packages = ["proto"]
  pruneopts = "UT"
  revision = "925541529c1fa6821df4e44ce2723319eb2be768"
  version = "v1.0.0"

[[projects]]
  digest = "1:29a5ab9fa9e845fd8e8726f31b187d710afd271ef1eb32085fe3d604b7e06382"
  name = "github.com/golang/snappy"
  packages = ["."]
  pruneopts = "UT"
  revision = "553a641470496b2327abcac10b36396bd98e45c9"

[[projects]]
  digest = "1:34833843589f17bb48234a8cdd36b1038aed85a09d60e30fc73891b7d89b6c1d"
  name = "github.com/pierrec/lz4"
  packages = ["."]
  pruneopts = "UT"
  revision = "ed8d4cc3b461464e69798080a0092bd028910298"

[[projects]]
  branch = "master"
  digest = "1:5272d5bcf91d1db46fc9528f706019533f1b390b94b122cff427162bc5009e40"
  name = "github.com/pierrec/xxHash"
  packages = ["xxHash32"]
  pruneopts = "UT"
  revision = "a0006b13c722f7f12368c00a3d3c2ae8a999a0c6"

[[projects]]
  digest = "1:0028cb19b2e4c3112225cd871870f2d9cf49b9b4276531f03438a88e94be86fe"
  name = "github.com/pmezard/go-difflib"
  packages = ["difflib"]
  pruneopts = "UT"
  revision = "792786c7400a136282c1664665ae0a8db921c6c2"
  version = "v1.0.0"

[[projects]]
  digest = "1:565770be35414989a808a4c2fd74a9b0b1d48ca0b6c615f2f5908ab99bf77eee"
  name = "github.com/rcrowley/go-metrics"
  packages = ["."]
  pruneopts = "UT"
  revision = "8732c616f52954686704c8645fe1a9d59e9df7c1"

[[projects]]
  digest = "1:c52d48fe752736ae45b72959e1e4fc1a5b60d5b56f8fad42c58414daab5f309d"
  name = "github.com/stretchr/testify"
  packages = [
    "assert",
    "require",
    "suite",
  ]
  pruneopts = "UT"
  revision = "12b6f73e6084dad08a7c6e575284b177ecafbc71"
  version = "v1.2.1"

[[projects]]
  digest = "1:84e66ba70567c8e4563aee2ffaef251458cba0de67ae61f9c01deb1755c2ffeb"
  name = "github.com/uber-go/tally"
  packages = ["."]
  pruneopts = "UT"
  revision = "522328b48efad0c6034dba92bf39228694e9d31f"
  version = "v3.3.2"

[[projects]]
  digest = "1:9d5cf6f23377cc24f00ba9a7b0c83fe070171c094e42eece262c6252a392ec33"
  name = "go.uber.org/atomic"
  packages = ["."]
  pruneopts = "UT"
  revision = "8474b86a5a6f79c443ce4b2992817ff32cf208b8"
  version = "v1.3.1"

[[projects]]
  digest = "1:60bf2a5e347af463c42ed31a493d817f8a72f102543060ed992754e689805d1a"
  name = "go.uber.org/multierr"
  packages = ["."]
  pruneopts = "UT"
  revision = "3c4937480c32f4c13a875a1829af76c98ca3d40a"
  version = "v1.1.0"

[[projects]]
  digest = "1:0d59cfb5fb7d699ef8442a0d049935f6d0034aa001ca8328d048a814e1661035"
  name = "go.uber.org/zap"
  packages = [
    ".",
    "buffer",
    "lib/bufferpool",
    "lib/color",
    "lib/exit",
    "zapcore",
  ]
  pruneopts = "UT"
  revision = "35aad584952c3e7020db7b839f6b102de6271f89"
  version = "v1.7.1"

[solve-meta]
  analyzer-name = "dep"
  analyzer-version = 1
  input-imports = [
    "github.com/Shopify/sarama",
    "github.com/bsm/sarama-cluster",
    "github.com/golang/protobuf/proto",
    "github.com/stretchr/testify/assert",
    "github.com/stretchr/testify/require",
    "github.com/stretchr/testify/suite",
    "github.com/uber-go/tally",
    "go.uber.org/zap",
    "go.uber.org/zap/zapcore",
  ]
  solver-name = "gps-cdcl"
  solver-version = 1
